
Microsoft Visual Studio Solution File, Format Version 10.00
# Visual C++ Express 2008
Project("{8BC9CEB8-8B4A-11D0-8D11-00A0C91BC942}") = "vcore_msvc_express", "vcore_msvc_express.vcproj", "{EC3E9D64-DCD4-41D9-B048-F8B2A4D21467}"
EndProject
Global
	GlobalSection(SolutionConfigurationPlatforms) = preSolution
		Debug|Win32 = Debug|Win32
		Release|Win32 = Release|Win32
	EndGlobalSection
	GlobalSection(ProjectConfigurationPlatforms) = postSolution
		{EC3E9D64-DCD4-41D9-B048-F8B2A4D21467}.Debug|Win32.ActiveCfg = Debug|Win32
		{EC3E9D64-DCD4-41D9-B048-F8B2A4D21467}.Debug|Win32.Build.0 = Debug|Win32
		{EC3E9D64-DCD4-41D9-B048-F8B2A4D21467}.Release|Win32.ActiveCfg = Release|Win32
		{EC3E9D64-DCD4-41D9-B048-F8B2A4D21467}.Release|Win32.Build.0 = Release|Win32
	EndGlobalSection
	GlobalSection(SolutionProperties) = preSolution
		HideSolutionNode = FALSE
	EndGlobalSection
EndGlobal
